
Microsoft Visual Studio Solution File, Format Version 12.00
# Visual Studio Version 17
VisualStudioVersion = 17.14.36212.18
MinimumVisualStudioVersion = 10.0.40219.1
Project("{2150E333-8FDC-42A3-9474-1A3956D46DE8}") = "01-APIS", "01-APIS", "{02EA681E-C7D8-13C7-8484-4AC65E1B71E8}"
EndProject
Project("{2150E333-8FDC-42A3-9474-1A3956D46DE8}") = "02-BUSINESS", "02-BUSINESS", "{170B28F9-54A6-4D0B-82B4-04E91943F90A}"
EndProject
Project("{2150E333-8FDC-42A3-9474-1A3956D46DE8}") = "03-SERVICES", "03-SERVICES", "{A1FC2F2D-D0D9-4564-9B30-24F45E4D2054}"
EndProject
Project("{2150E333-8FDC-42A3-9474-1A3956D46DE8}") = "04-REPOSITORY", "04-REPOSITORY", "{2A00EBDA-3A24-41EF-A40C-7B5B01F606CC}"
EndProject
Project("{2150E333-8FDC-42A3-9474-1A3956D46DE8}") = "05-MODELS", "05-MODELS", "{088ACA43-6EB3-4C12-AA5F-502A08B51A84}"
EndProject
Project("{FAE04EC0-301F-11D3-BF4B-00C04F79EFBC}") = "Cirkula.WebApi", "Cirkula.WebApi\Cirkula.WebApi.csproj", "{49D8F788-188F-4FB1-AF95-618FE68AF383}"
EndProject
Project("{FAE04EC0-301F-11D3-BF4B-00C04F79EFBC}") = "Cirkula.Business", "Cirkula.Business\Cirkula.Business.csproj", "{477D3B07-613C-4824-8353-FE66A0BA7E9A}"
EndProject
Project("{FAE04EC0-301F-11D3-BF4B-00C04F79EFBC}") = "Cirkula.BusinessImpl", "Cirkula.BusinessImpl\Cirkula.BusinessImpl.csproj", "{591FBB18-64E2-4E83-813D-7D3446B3BCB1}"
EndProject
Project("{FAE04EC0-301F-11D3-BF4B-00C04F79EFBC}") = "Cirkula.Services", "Cirkula.Services\Cirkula.Services.csproj", "{C8A14B6C-56C4-4DF1-A961-CD2DB07CAF53}"
EndProject
Project("{FAE04EC0-301F-11D3-BF4B-00C04F79EFBC}") = "Cirkula.ServiceImpl", "Cirkula.ServiceImpl\Cirkula.ServiceImpl.csproj", "{35308131-98DE-4E36-BEE8-2AAAD889FD7C}"
EndProject
Project("{FAE04EC0-301F-11D3-BF4B-00C04F79EFBC}") = "Cirkula.RepositoryImpl", "Cirkula.RepositoryImpl\Cirkula.RepositoryImpl.csproj", "{1819B5D2-159D-47AB-8537-0D872474AE85}"
EndProject
Project("{FAE04EC0-301F-11D3-BF4B-00C04F79EFBC}") = "Cirkula.Repository", "Cirkula.Repository\Cirkula.Repository.csproj", "{191F29C5-7F94-4A24-8341-718956CFCC8E}"
EndProject
Project("{FAE04EC0-301F-11D3-BF4B-00C04F79EFBC}") = "DBCirkula.Models", "DBCirkula.Models\DBCirkula.Models.csproj", "{EF3B0879-B9AF-4B62-9AD4-556B2059E2DC}"
EndProject
Project("{2150E333-8FDC-42A3-9474-1A3956D46DE8}") = "ANOTATIONS", "ANOTATIONS", "{7A538833-9373-4B94-9773-87C3D755E8B0}"
	ProjectSection(SolutionItems) = preProject
		TextFile1.txt = TextFile1.txt
	EndProjectSection
EndProject
Project("{FAE04EC0-301F-11D3-BF4B-00C04F79EFBC}") = "Circuka.RequestResponse.Models", "Circuka.RequestResponse.Models\Circuka.RequestResponse.Models.csproj", "{FD1E9C6D-3544-485C-A739-9CADF55016E0}"
EndProject
Project("{2150E333-8FDC-42A3-9474-1A3956D46DE8}") = "06-UTILITIES", "06-UTILITIES", "{BAD002FE-9B7B-4A30-958B-71EA1587EE0E}"
EndProject
Project("{FAE04EC0-301F-11D3-BF4B-00C04F79EFBC}") = "Cirkula.Mapper", "Cirkula.Mapper\Cirkula.Mapper.csproj", "{BF8F7658-E93B-4824-BD38-B046FA3093CD}"
EndProject
Project("{FAE04EC0-301F-11D3-BF4B-00C04F79EFBC}") = "UtilConstants", "UtilConstants\UtilConstants.csproj", "{636DC073-AA47-4904-9B98-8CCAF38D090A}"
EndProject
Project("{FAE04EC0-301F-11D3-BF4B-00C04F79EFBC}") = "Cirkula.DTO.Models", "Cirkula.DTO.Models\Cirkula.DTO.Models.csproj", "{AE904BC9-58C5-49E2-BAFE-D4BC2FCD6D40}"
EndProject
Global
	GlobalSection(SolutionConfigurationPlatforms) = preSolution
		Debug|Any CPU = Debug|Any CPU
		Release|Any CPU = Release|Any CPU
	EndGlobalSection
	GlobalSection(ProjectConfigurationPlatforms) = postSolution
		{49D8F788-188F-4FB1-AF95-618FE68AF383}.Debug|Any CPU.ActiveCfg = Debug|Any CPU
		{49D8F788-188F-4FB1-AF95-618FE68AF383}.Debug|Any CPU.Build.0 = Debug|Any CPU
		{49D8F788-188F-4FB1-AF95-618FE68AF383}.Release|Any CPU.ActiveCfg = Release|Any CPU
		{49D8F788-188F-4FB1-AF95-618FE68AF383}.Release|Any CPU.Build.0 = Release|Any CPU
		{477D3B07-613C-4824-8353-FE66A0BA7E9A}.Debug|Any CPU.ActiveCfg = Debug|Any CPU
		{477D3B07-613C-4824-8353-FE66A0BA7E9A}.Debug|Any CPU.Build.0 = Debug|Any CPU
		{477D3B07-613C-4824-8353-FE66A0BA7E9A}.Release|Any CPU.ActiveCfg = Release|Any CPU
		{477D3B07-613C-4824-8353-FE66A0BA7E9A}.Release|Any CPU.Build.0 = Release|Any CPU
		{591FBB18-64E2-4E83-813D-7D3446B3BCB1}.Debug|Any CPU.ActiveCfg = Debug|Any CPU
		{591FBB18-64E2-4E83-813D-7D3446B3BCB1}.Debug|Any CPU.Build.0 = Debug|Any CPU
		{591FBB18-64E2-4E83-813D-7D3446B3BCB1}.Release|Any CPU.ActiveCfg = Release|Any CPU
		{591FBB18-64E2-4E83-813D-7D3446B3BCB1}.Release|Any CPU.Build.0 = Release|Any CPU
		{C8A14B6C-56C4-4DF1-A961-CD2DB07CAF53}.Debug|Any CPU.ActiveCfg = Debug|Any CPU
		{C8A14B6C-56C4-4DF1-A961-CD2DB07CAF53}.Debug|Any CPU.Build.0 = Debug|Any CPU
		{C8A14B6C-56C4-4DF1-A961-CD2DB07CAF53}.Release|Any CPU.ActiveCfg = Release|Any CPU
		{C8A14B6C-56C4-4DF1-A961-CD2DB07CAF53}.Release|Any CPU.Build.0 = Release|Any CPU
		{35308131-98DE-4E36-BEE8-2AAAD889FD7C}.Debug|Any CPU.ActiveCfg = Debug|Any CPU
		{35308131-98DE-4E36-BEE8-2AAAD889FD7C}.Debug|Any CPU.Build.0 = Debug|Any CPU
		{35308131-98DE-4E36-BEE8-2AAAD889FD7C}.Release|Any CPU.ActiveCfg = Release|Any CPU
		{35308131-98DE-4E36-BEE8-2AAAD889FD7C}.Release|Any CPU.Build.0 = Release|Any CPU
		{1819B5D2-159D-47AB-8537-0D872474AE85}.Debug|Any CPU.ActiveCfg = Debug|Any CPU
		{1819B5D2-159D-47AB-8537-0D872474AE85}.Debug|Any CPU.Build.0 = Debug|Any CPU
		{1819B5D2-159D-47AB-8537-0D872474AE85}.Release|Any CPU.ActiveCfg = Release|Any CPU
		{1819B5D2-159D-47AB-8537-0D872474AE85}.Release|Any CPU.Build.0 = Release|Any CPU
		{191F29C5-7F94-4A24-8341-718956CFCC8E}.Debug|Any CPU.ActiveCfg = Debug|Any CPU
		{191F29C5-7F94-4A24-8341-718956CFCC8E}.Debug|Any CPU.Build.0 = Debug|Any CPU
		{191F29C5-7F94-4A24-8341-718956CFCC8E}.Release|Any CPU.ActiveCfg = Release|Any CPU
		{191F29C5-7F94-4A24-8341-718956CFCC8E}.Release|Any CPU.Build.0 = Release|Any CPU
		{EF3B0879-B9AF-4B62-9AD4-556B2059E2DC}.Debug|Any CPU.ActiveCfg = Debug|Any CPU
		{EF3B0879-B9AF-4B62-9AD4-556B2059E2DC}.Debug|Any CPU.Build.0 = Debug|Any CPU
		{EF3B0879-B9AF-4B62-9AD4-556B2059E2DC}.Release|Any CPU.ActiveCfg = Release|Any CPU
		{EF3B0879-B9AF-4B62-9AD4-556B2059E2DC}.Release|Any CPU.Build.0 = Release|Any CPU
		{FD1E9C6D-3544-485C-A739-9CADF55016E0}.Debug|Any CPU.ActiveCfg = Debug|Any CPU
		{FD1E9C6D-3544-485C-A739-9CADF55016E0}.Debug|Any CPU.Build.0 = Debug|Any CPU
		{FD1E9C6D-3544-485C-A739-9CADF55016E0}.Release|Any CPU.ActiveCfg = Release|Any CPU
		{FD1E9C6D-3544-485C-A739-9CADF55016E0}.Release|Any CPU.Build.0 = Release|Any CPU
		{BF8F7658-E93B-4824-BD38-B046FA3093CD}.Debug|Any CPU.ActiveCfg = Debug|Any CPU
		{BF8F7658-E93B-4824-BD38-B046FA3093CD}.Debug|Any CPU.Build.0 = Debug|Any CPU
		{BF8F7658-E93B-4824-BD38-B046FA3093CD}.Release|Any CPU.ActiveCfg = Release|Any CPU
		{BF8F7658-E93B-4824-BD38-B046FA3093CD}.Release|Any CPU.Build.0 = Release|Any CPU
		{636DC073-AA47-4904-9B98-8CCAF38D090A}.Debug|Any CPU.ActiveCfg = Debug|Any CPU
		{636DC073-AA47-4904-9B98-8CCAF38D090A}.Debug|Any CPU.Build.0 = Debug|Any CPU
		{636DC073-AA47-4904-9B98-8CCAF38D090A}.Release|Any CPU.ActiveCfg = Release|Any CPU
		{636DC073-AA47-4904-9B98-8CCAF38D090A}.Release|Any CPU.Build.0 = Release|Any CPU
		{AE904BC9-58C5-49E2-BAFE-D4BC2FCD6D40}.Debug|Any CPU.ActiveCfg = Debug|Any CPU
		{AE904BC9-58C5-49E2-BAFE-D4BC2FCD6D40}.Debug|Any CPU.Build.0 = Debug|Any CPU
		{AE904BC9-58C5-49E2-BAFE-D4BC2FCD6D40}.Release|Any CPU.ActiveCfg = Release|Any CPU
		{AE904BC9-58C5-49E2-BAFE-D4BC2FCD6D40}.Release|Any CPU.Build.0 = Release|Any CPU
	EndGlobalSection
	GlobalSection(SolutionProperties) = preSolution
		HideSolutionNode = FALSE
	EndGlobalSection
	GlobalSection(NestedProjects) = preSolution
		{49D8F788-188F-4FB1-AF95-618FE68AF383} = {02EA681E-C7D8-13C7-8484-4AC65E1B71E8}
		{477D3B07-613C-4824-8353-FE66A0BA7E9A} = {170B28F9-54A6-4D0B-82B4-04E91943F90A}
		{591FBB18-64E2-4E83-813D-7D3446B3BCB1} = {170B28F9-54A6-4D0B-82B4-04E91943F90A}
		{C8A14B6C-56C4-4DF1-A961-CD2DB07CAF53} = {A1FC2F2D-D0D9-4564-9B30-24F45E4D2054}
		{35308131-98DE-4E36-BEE8-2AAAD889FD7C} = {A1FC2F2D-D0D9-4564-9B30-24F45E4D2054}
		{1819B5D2-159D-47AB-8537-0D872474AE85} = {2A00EBDA-3A24-41EF-A40C-7B5B01F606CC}
		{191F29C5-7F94-4A24-8341-718956CFCC8E} = {2A00EBDA-3A24-41EF-A40C-7B5B01F606CC}
		{EF3B0879-B9AF-4B62-9AD4-556B2059E2DC} = {088ACA43-6EB3-4C12-AA5F-502A08B51A84}
		{FD1E9C6D-3544-485C-A739-9CADF55016E0} = {088ACA43-6EB3-4C12-AA5F-502A08B51A84}
		{BF8F7658-E93B-4824-BD38-B046FA3093CD} = {BAD002FE-9B7B-4A30-958B-71EA1587EE0E}
		{636DC073-AA47-4904-9B98-8CCAF38D090A} = {BAD002FE-9B7B-4A30-958B-71EA1587EE0E}
		{AE904BC9-58C5-49E2-BAFE-D4BC2FCD6D40} = {088ACA43-6EB3-4C12-AA5F-502A08B51A84}
	EndGlobalSection
	GlobalSection(ExtensibilityGlobals) = postSolution
		SolutionGuid = {705D4CE1-0E4D-4609-9D81-B31FD67FDD69}
	EndGlobalSection
EndGlobal
